// !$*UTF8*$!
{
	archiveVersion = 1;
	classes = {
	};
	objectVersion = 55;
	objects = {

/* Begin PBXBuildFile section */
		474CF4CC272650A000FB7D77 /* Tests_iOS.swift in Sources */ = {isa = PBXBuildFile; fileRef = 474CF4CB272650A000FB7D77 /* Tests_iOS.swift */; };
		474CF4CE272650A000FB7D77 /* Tests_iOSLaunchTests.swift in Sources */ = {isa = PBXBuildFile; fileRef = 474CF4CD272650A000FB7D77 /* Tests_iOSLaunchTests.swift */; };
		474CF4D8272650A000FB7D77 /* Tests_macOS.swift in Sources */ = {isa = PBXBuildFile; fileRef = 474CF4D7272650A000FB7D77 /* Tests_macOS.swift */; };
		474CF4DA272650A000FB7D77 /* Tests_macOSLaunchTests.swift in Sources */ = {isa = PBXBuildFile; fileRef = 474CF4D9272650A000FB7D77 /* Tests_macOSLaunchTests.swift */; };
		474CF4DB272650A000FB7D77 /* UI_340App.swift in Sources */ = {isa = PBXBuildFile; fileRef = 474CF4B32726509F00FB7D77 /* UI_340App.swift */; };
		474CF4DC272650A000FB7D77 /* UI_340App.swift in Sources */ = {isa = PBXBuildFile; fileRef = 474CF4B32726509F00FB7D77 /* UI_340App.swift */; };
		474CF4DD272650A000FB7D77 /* ContentView.swift in Sources */ = {isa = PBXBuildFile; fileRef = 474CF4B42726509F00FB7D77 /* ContentView.swift */; };
		474CF4DE272650A000FB7D77 /* ContentView.swift in Sources */ = {isa = PBXBuildFile; fileRef = 474CF4B42726509F00FB7D77 /* ContentView.swift */; };
		474CF4DF272650A000FB7D77 /* Assets.xcassets in Resources */ = {isa = PBXBuildFile; fileRef = 474CF4B5272650A000FB7D77 /* Assets.xcassets */; };
		474CF4E0272650A000FB7D77 /* Assets.xcassets in Resources */ = {isa = PBXBuildFile; fileRef = 474CF4B5272650A000FB7D77 /* Assets.xcassets */; };
		474CF4F1272650B200FB7D77 /* Home.swift in Sources */ = {isa = PBXBuildFile; fileRef = 474CF4F0272650B200FB7D77 /* Home.swift */; };
		474CF4F4272650BB00FB7D77 /* TAB.swift in Sources */ = {isa = PBXBuildFile; fileRef = 474CF4F3272650BB00FB7D77 /* TAB.swift */; };
		474CF4F627265B7C00FB7D77 /* OffsetModifier.swift in Sources */ = {isa = PBXBuildFile; fileRef = 474CF4F527265B7B00FB7D77 /* OffsetModifier.swift */; };
/* End PBXBuildFile section */

/* Begin PBXContainerItemProxy section */
		474CF4C8272650A000FB7D77 /* PBXContainerItemProxy */ = {
			isa = PBXContainerItemProxy;
			containerPortal = 474CF4AE2726509F00FB7D77 /* Project object */;
			proxyType = 1;
			remoteGlobalIDString = 474CF4B9272650A000FB7D77;
			remoteInfo = "UI-340 (iOS)";
		};
		474CF4D4272650A000FB7D77 /* PBXContainerItemProxy */ = {
			isa = PBXContainerItemProxy;
			containerPortal = 474CF4AE2726509F00FB7D77 /* Project object */;
			proxyType = 1;
			remoteGlobalIDString = 474CF4BF272650A000FB7D77;
			remoteInfo = "UI-340 (macOS)";
		};
/* End PBXContainerItemProxy section */

/* Begin PBXFileReference section */
		474CF4B32726509F00FB7D77 /* UI_340App.swift */ = {isa = PBXFileReference; lastKnownFileType = sourcecode.swift; path = UI_340App.swift; sourceTree = "<group>"; };
		474CF4B42726509F00FB7D77 /* ContentView.swift */ = {isa = PBXFileReference; lastKnownFileType = sourcecode.swift; path = ContentView.swift; sourceTree = "<group>"; };
		474CF4B5272650A000FB7D77 /* Assets.xcassets */ = {isa = PBXFileReference; lastKnownFileType = folder.assetcatalog; path = Assets.xcassets; sourceTree = "<group>"; };
		474CF4BA272650A000FB7D77 /* UI-340.app */ = {isa = PBXFileReference; explicitFileType = wrapper.application; includeInIndex = 0; path = "UI-340.app"; sourceTree = BUILT_PRODUCTS_DIR; };
		474CF4C0272650A000FB7D77 /* UI-340.app */ = {isa = PBXFileReference; explicitFileType = wrapper.application; includeInIndex = 0; path = "UI-340.app"; sourceTree = BUILT_PRODUCTS_DIR; };
		474CF4C2272650A000FB7D77 /* macOS.entitlements */ = {isa = PBXFileReference; lastKnownFileType = text.plist.entitlements; path = macOS.entitlements; sourceTree = "<group>"; };
		474CF4C7272650A000FB7D77 /* Tests iOS.xctest */ = {isa = PBXFileReference; explicitFileType = wrapper.cfbundle; includeInIndex = 0; path = "Tests iOS.xctest"; sourceTree = BUILT_PRODUCTS_DIR; };
		474CF4CB272650A000FB7D77 /* Tests_iOS.swift */ = {isa = PBXFileReference; lastKnownFileType = sourcecode.swift; path = Tests_iOS.swift; sourceTree = "<group>"; };
		474CF4CD272650A000FB7D77 /* Tests_iOSLaunchTests.swift */ = {isa = PBXFileReference; lastKnownFileType = sourcecode.swift; path = Tests_iOSLaunchTests.swift; sourceTree = "<group>"; };
		474CF4D3272650A000FB7D77 /* Tests macOS.xctest */ = {isa = PBXFileReference; explicitFileType = wrapper.cfbundle; includeInIndex = 0; path = "Tests macOS.xctest"; sourceTree = BUILT_PRODUCTS_DIR; };
		474CF4D7272650A000FB7D77 /* Tests_macOS.swift */ = {isa = PBXFileReference; lastKnownFileType = sourcecode.swift; path = Tests_macOS.swift; sourceTree = "<group>"; };
		474CF4D9272650A000FB7D77 /* Tests_macOSLaunchTests.swift */ = {isa = PBXFileReference; lastKnownFileType = sourcecode.swift; path = Tests_macOSLaunchTests.swift; sourceTree = "<group>"; };
		474CF4F0272650B200FB7D77 /* Home.swift */ = {isa = PBXFileReference; lastKnownFileType = sourcecode.swift; path = Home.swift; sourceTree = "<group>"; };
		474CF4F3272650BB00FB7D77 /* TAB.swift */ = {isa = PBXFileReference; lastKnownFileType = sourcecode.swift; path = TAB.swift; sourceTree = "<group>"; };
		474CF4F527265B7B00FB7D77 /* OffsetModifier.swift */ = {isa = PBXFileReference; lastKnownFileType = sourcecode.swift; path = OffsetModifier.swift; sourceTree = "<group>"; };
/* End PBXFileReference section */

/* Begin PBXFrameworksBuildPhase section */
		474CF4B7272650A000FB7D77 /* Frameworks */ = {
			isa = PBXFrameworksBuildPhase;
			buildActionMask = 2147483647;
			files = (
			);
			runOnlyForDeploymentPostprocessing = 0;
		};
		474CF4BD272650A000FB7D77 /* Frameworks */ = {
			isa = PBXFrameworksBuildPhase;
			buildActionMask = 2147483647;
			files = (
			);
			runOnlyForDeploymentPostprocessing = 0;
		};
		474CF4C4272650A000FB7D77 /* Frameworks */ = {
			isa = PBXFrameworksBuildPhase;
			buildActionMask = 2147483647;
			files = (
			);
			runOnlyForDeploymentPostprocessing = 0;
		};
		474CF4D0272650A000FB7D77 /* Frameworks */ = {
			isa = PBXFrameworksBuildPhase;
			buildActionMask = 2147483647;
			files = (
			);
			runOnlyForDeploymentPostprocessing = 0;
		};
/* End PBXFrameworksBuildPhase section */

/* Begin PBXGroup section */
		474CF4AD2726509F00FB7D77 = {
			isa = PBXGroup;
			children = (
				474CF4B22726509F00FB7D77 /* Shared */,
				474CF4C1272650A000FB7D77 /* macOS */,
				474CF4CA272650A000FB7D77 /* Tests iOS */,
				474CF4D6272650A000FB7D77 /* Tests macOS */,
				474CF4BB272650A000FB7D77 /* Products */,
			);
			sourceTree = "<group>";
		};
		474CF4B22726509F00FB7D77 /* Shared */ = {
			isa = PBXGroup;
			children = (
				474CF4F2272650B300FB7D77 /* Model */,
				474CF4EF272650AD00FB7D77 /* View */,
				474CF4B32726509F00FB7D77 /* UI_340App.swift */,
				474CF4B42726509F00FB7D77 /* ContentView.swift */,
				474CF4B5272650A000FB7D77 /* Assets.xcassets */,
			);
			path = Shared;
			sourceTree = "<group>";
		};
		474CF4BB272650A000FB7D77 /* Products */ = {
			isa = PBXGroup;
			children = (
				474CF4BA272650A000FB7D77 /* UI-340.app */,
				474CF4C0272650A000FB7D77 /* UI-340.app */,
				474CF4C7272650A000FB7D77 /* Tests iOS.xctest */,
				474CF4D3272650A000FB7D77 /* Tests macOS.xctest */,
			);
			name = Products;
			sourceTree = "<group>";
		};
		474CF4C1272650A000FB7D77 /* macOS */ = {
			isa = PBXGroup;
			children = (
				474CF4C2272650A000FB7D77 /* macOS.entitlements */,
			);
			path = macOS;
			sourceTree = "<group>";
		};
		474CF4CA272650A000FB7D77 /* Tests iOS */ = {
			isa = PBXGroup;
			children = (
				474CF4CB272650A000FB7D77 /* Tests_iOS.swift */,
				474CF4CD272650A000FB7D77 /* Tests_iOSLaunchTests.swift */,
			);
			path = "Tests iOS";
			sourceTree = "<group>";
		};
		474CF4D6272650A000FB7D77 /* Tests macOS */ = {
			isa = PBXGroup;
			children = (
				474CF4D7272650A000FB7D77 /* Tests_macOS.swift */,
				474CF4D9272650A000FB7D77 /* Tests_macOSLaunchTests.swift */,
			);
			path = "Tests macOS";
			sourceTree = "<group>";
		};
		474CF4EF272650AD00FB7D77 /* View */ = {
			isa = PBXGroup;
			children = (
				474CF4F0272650B200FB7D77 /* Home.swift */,
				474CF4F527265B7B00FB7D77 /* OffsetModifier.swift */,
			);
			path = View;
			sourceTree = "<group>";
		};
		474CF4F2272650B300FB7D77 /* Model */ = {
			isa = PBXGroup;
			children = (
				474CF4F3272650BB00FB7D77 /* TAB.swift */,
			);
			path = Model;
			sourceTree = "<group>";
		};
/* End PBXGroup section */

/* Begin PBXNativeTarget section */
		474CF4B9272650A000FB7D77 /* UI-340 (iOS) */ = {
			isa = PBXNativeTarget;
			buildConfigurationList = 474CF4E3272650A000FB7D77 /* Build configuration list for PBXNativeTarget "UI-340 (iOS)" */;
			buildPhases = (
				474CF4B6272650A000FB7D77 /* Sources */,
				474CF4B7272650A000FB7D77 /* Frameworks */,
				474CF4B8272650A000FB7D77 /* Resources */,
			);
			buildRules = (
			);
			dependencies = (
			);
			name = "UI-340 (iOS)";
			productName = "UI-340 (iOS)";
			productReference = 474CF4BA272650A000FB7D77 /* UI-340.app */;
			productType = "com.apple.product-type.application";
		};
		474CF4BF272650A000FB7D77 /* UI-340 (macOS) */ = {
			isa = PBXNativeTarget;
			buildConfigurationList = 474CF4E6272650A000FB7D77 /* Build configuration list for PBXNativeTarget "UI-340 (macOS)" */;
			buildPhases = (
				474CF4BC272650A000FB7D77 /* Sources */,
				474CF4BD272650A000FB7D77 /* Frameworks */,
				474CF4BE272650A000FB7D77 /* Resources */,
			);
			buildRules = (
			);
			dependencies = (
			);
			name = "UI-340 (macOS)";
			productName = "UI-340 (macOS)";
			productReference = 474CF4C0272650A000FB7D77 /* UI-340.app */;
			productType = "com.apple.product-type.application";
		};
		474CF4C6272650A000FB7D77 /* Tests iOS */ = {
			isa = PBXNativeTarget;
			buildConfigurationList = 474CF4E9272650A000FB7D77 /* Build configuration list for PBXNativeTarget "Tests iOS" */;
			buildPhases = (
				474CF4C3272650A000FB7D77 /* Sources */,
				474CF4C4272650A000FB7D77 /* Frameworks */,
				474CF4C5272650A000FB7D77 /* Resources */,
			);
			buildRules = (
			);
			dependencies = (
				474CF4C9272650A000FB7D77 /* PBXTargetDependency */,
			);
			name = "Tests iOS";
			productName = "Tests iOS";
			productReference = 474CF4C7272650A000FB7D77 /* Tests iOS.xctest */;
			productType = "com.apple.product-type.bundle.ui-testing";
		};
		474CF4D2272650A000FB7D77 /* Tests macOS */ = {
			isa = PBXNativeTarget;
			buildConfigurationList = 474CF4EC272650A000FB7D77 /* Build configuration list for PBXNativeTarget "Tests macOS" */;
			buildPhases = (
				474CF4CF272650A000FB7D77 /* Sources */,
				474CF4D0272650A000FB7D77 /* Frameworks */,
				474CF4D1272650A000FB7D77 /* Resources */,
			);
			buildRules = (
			);
			dependencies = (
				474CF4D5272650A000FB7D77 /* PBXTargetDependency */,
			);
			name = "Tests macOS";
			productName = "Tests macOS";
			productReference = 474CF4D3272650A000FB7D77 /* Tests macOS.xctest */;
			productType = "com.apple.product-type.bundle.ui-testing";
		};
/* End PBXNativeTarget section */

/* Begin PBXProject section */
		474CF4AE2726509F00FB7D77 /* Project object */ = {
			isa = PBXProject;
			attributes = {
				BuildIndependentTargetsInParallel = 1;
				LastSwiftUpdateCheck = 1310;
				LastUpgradeCheck = 1310;
				TargetAttributes = {
					474CF4B9272650A000FB7D77 = {
						CreatedOnToolsVersion = 13.1;
					};
					474CF4BF272650A000FB7D77 = {
						CreatedOnToolsVersion = 13.1;
					};
					474CF4C6272650A000FB7D77 = {
						CreatedOnToolsVersion = 13.1;
						TestTargetID = 474CF4B9272650A000FB7D77;
					};
					474CF4D2272650A000FB7D77 = {
						CreatedOnToolsVersion = 13.1;
						TestTargetID = 474CF4BF272650A000FB7D77;
					};
				};
			};
			buildConfigurationList = 474CF4B12726509F00FB7D77 /* Build configuration list for PBXProject "UI-340" */;
			compatibilityVersion = "Xcode 13.0";
			developmentRegion = en;
			hasScannedForEncodings = 0;
			knownRegions = (
				en,
				Base,
			);
			mainGroup = 474CF4AD2726509F00FB7D77;
			productRefGroup = 474CF4BB272650A000FB7D77 /* Products */;
			projectDirPath = "";
			projectRoot = "";
			targets = (
				474CF4B9272650A000FB7D77 /* UI-340 (iOS) */,
				474CF4BF272650A000FB7D77 /* UI-340 (macOS) */,
				474CF4C6272650A000FB7D77 /* Tests iOS */,
				474CF4D2272650A000FB7D77 /* Tests macOS */,
			);
		};
/* End PBXProject section */

/* Begin PBXResourcesBuildPhase section */
		474CF4B8272650A000FB7D77 /* Resources */ = {
			isa = PBXResourcesBuildPhase;
			buildActionMask = 2147483647;
			files = (
				474CF4DF272650A000FB7D77 /* Assets.xcassets in Resources */,
			);
			runOnlyForDeploymentPostprocessing = 0;
		};
		474CF4BE272650A000FB7D77 /* Resources */ = {
			isa = PBXResourcesBuildPhase;
			buildActionMask = 2147483647;
			files = (
				474CF4E0272650A000FB7D77 /* Assets.xcassets in Resources */,
			);
			runOnlyForDeploymentPostprocessing = 0;
		};
		474CF4C5272650A000FB7D77 /* Resources */ = {
			isa = PBXResourcesBuildPhase;
			buildActionMask = 2147483647;
			files = (
			);
			runOnlyForDeploymentPostprocessing = 0;
		};
		474CF4D1272650A000FB7D77 /* Resources */ = {
			isa = PBXResourcesBuildPhase;
			buildActionMask = 2147483647;
			files = (
			);
			runOnlyForDeploymentPostprocessing = 0;
		};
/* End PBXResourcesBuildPhase section */

/* Begin PBXSourcesBuildPhase section */
		474CF4B6272650A000FB7D77 /* Sources */ = {
			isa = PBXSourcesBuildPhase;
			buildActionMask = 2147483647;
			files = (
				474CF4DD272650A000FB7D77 /* ContentView.swift in Sources */,
				474CF4F1272650B200FB7D77 /* Home.swift in Sources */,
				474CF4F627265B7C00FB7D77 /* OffsetModifier.swift in Sources */,
				474CF4DB272650A000FB7D77 /* UI_340App.swift in Sources */,
				474CF4F4272650BB00FB7D77 /* TAB.swift in Sources */,
			);
			runOnlyForDeploymentPostprocessing = 0;
		};
		474CF4BC272650A000FB7D77 /* Sources */ = {
			isa = PBXSourcesBuildPhase;
			buildActionMask = 2147483647;
			files = (
				474CF4DE272650A000FB7D77 /* ContentView.swift in Sources */,
				474CF4DC272650A000FB7D77 /* UI_340App.swift in Sources */,
			);
			runOnlyForDeploymentPostprocessing = 0;
		};
		474CF4C3272650A000FB7D77 /* Sources */ = {
			isa = PBXSourcesBuildPhase;
			buildActionMask = 2147483647;
			files = (
				474CF4CE272650A000FB7D77 /* Tests_iOSLaunchTests.swift in Sources */,
				474CF4CC272650A000FB7D77 /* Tests_iOS.swift in Sources */,
			);
			runOnlyForDeploymentPostprocessing = 0;
		};
		474CF4CF272650A000FB7D77 /* Sources */ = {
			isa = PBXSourcesBuildPhase;
			buildActionMask = 2147483647;
			files = (
				474CF4DA272650A000FB7D77 /* Tests_macOSLaunchTests.swift in Sources */,
				474CF4D8272650A000FB7D77 /* Tests_macOS.swift in Sources */,
			);
			runOnlyForDeploymentPostprocessing = 0;
		};
/* End PBXSourcesBuildPhase section */

/* Begin PBXTargetDependency section */
		474CF4C9272650A000FB7D77 /* PBXTargetDependency */ = {
			isa = PBXTargetDependency;
			target = 474CF4B9272650A000FB7D77 /* UI-340 (iOS) */;
			targetProxy = 474CF4C8272650A000FB7D77 /* PBXContainerItemProxy */;
		};
		474CF4D5272650A000FB7D77 /* PBXTargetDependency */ = {
			isa = PBXTargetDependency;
			target = 474CF4BF272650A000FB7D77 /* UI-340 (macOS) */;
			targetProxy = 474CF4D4272650A000FB7D77 /* PBXContainerItemProxy */;
		};
/* End PBXTargetDependency section */

/* Begin XCBuildConfiguration section */
		474CF4E1272650A000FB7D77 /* Debug */ = {
			isa = XCBuildConfiguration;
			buildSettings = {
				ALWAYS_SEARCH_USER_PATHS = NO;
				CLANG_ANALYZER_NONNULL = YES;
				CLANG_ANALYZER_NUMBER_OBJECT_CONVERSION = YES_AGGRESSIVE;
				CLANG_CXX_LANGUAGE_STANDARD = "gnu++17";
				CLANG_CXX_LIBRARY = "libc++";
				CLANG_ENABLE_MODULES = YES;
				CLANG_ENABLE_OBJC_ARC = YES;
				CLANG_ENABLE_OBJC_WEAK = YES;
				CLANG_WARN_BLOCK_CAPTURE_AUTORELEASING = YES;
				CLANG_WARN_BOOL_CONVERSION = YES;
				CLANG_WARN_COMMA = YES;
				CLANG_WARN_CONSTANT_CONVERSION = YES;
				CLANG_WARN_DEPRECATED_OBJC_IMPLEMENTATIONS = YES;
				CLANG_WARN_DIRECT_OBJC_ISA_USAGE = YES_ERROR;
				CLANG_WARN_DOCUMENTATION_COMMENTS = YES;
				CLANG_WARN_EMPTY_BODY = YES;
				CLANG_WARN_ENUM_CONVERSION = YES;
				CLANG_WARN_INFINITE_RECURSION = YES;
				CLANG_WARN_INT_CONVERSION = YES;
				CLANG_WARN_NON_LITERAL_NULL_CONVERSION = YES;
				CLANG_WARN_OBJC_IMPLICIT_RETAIN_SELF = YES;
				CLANG_WARN_OBJC_LITERAL_CONVERSION = YES;
				CLANG_WARN_OBJC_ROOT_CLASS = YES_ERROR;
				CLANG_WARN_QUOTED_INCLUDE_IN_FRAMEWORK_HEADER = YES;
				CLANG_WARN_RANGE_LOOP_ANALYSIS = YES;
				CLANG_WARN_STRICT_PROTOTYPES = YES;
				CLANG_WARN_SUSPICIOUS_MOVE = YES;
				CLANG_WARN_UNGUARDED_AVAILABILITY = YES_AGGRESSIVE;
				CLANG_WARN_UNREACHABLE_CODE = YES;
				CLANG_WARN__DUPLICATE_METHOD_MATCH = YES;
				COPY_PHASE_STRIP = NO;
				DEBUG_INFORMATION_FORMAT = dwarf;
				ENABLE_STRICT_OBJC_MSGSEND = YES;
				ENABLE_TESTABILITY = YES;
				GCC_C_LANGUAGE_STANDARD = gnu11;
				GCC_DYNAMIC_NO_PIC = NO;
				GCC_NO_COMMON_BLOCKS = YES;
				GCC_OPTIMIZATION_LEVEL = 0;
				GCC_PREPROCESSOR_DEFINITIONS = (
					"DEBUG=1",
					"$(inherited)",
				);
				GCC_WARN_64_TO_32_BIT_CONVERSION = YES;
				GCC_WARN_ABOUT_RETURN_TYPE = YES_ERROR;
				GCC_WARN_UNDECLARED_SELECTOR = YES;
				GCC_WARN_UNINITIALIZED_AUTOS = YES_AGGRESSIVE;
				GCC_WARN_UNUSED_FUNCTION = YES;
				GCC_WARN_UNUSED_VARIABLE = YES;
				MTL_ENABLE_DEBUG_INFO = INCLUDE_SOURCE;
				MTL_FAST_MATH = YES;
				ONLY_ACTIVE_ARCH = YES;
				SWIFT_ACTIVE_COMPILATION_CONDITIONS = DEBUG;
				SWIFT_OPTIMIZATION_LEVEL = "-Onone";
			};
			name = Debug;
		};
		474CF4E2272650A000FB7D77 /* Release */ = {
			isa = XCBuildConfiguration;
			buildSettings = {
				ALWAYS_SEARCH_USER_PATHS = NO;
				CLANG_ANALYZER_NONNULL = YES;
				CLANG_ANALYZER_NUMBER_OBJECT_CONVERSION = YES_AGGRESSIVE;
				CLANG_CXX_LANGUAGE_STANDARD = "gnu++17";
				CLANG_CXX_LIBRARY = "libc++";
				CLANG_ENABLE_MODULES = YES;
				CLANG_ENABLE_OBJC_ARC = YES;
				CLANG_ENABLE_OBJC_WEAK = YES;
				CLANG_WARN_BLOCK_CAPTURE_AUTORELEASING = YES;
				CLANG_WARN_BOOL_CONVERSION = YES;
				CLANG_WARN_COMMA = YES;
				CLANG_WARN_CONSTANT_CONVERSION = YES;
				CLANG_WARN_DEPRECATED_OBJC_IMPLEMENTATIONS = YES;
				CLANG_WARN_DIRECT_OBJC_ISA_USAGE = YES_ERROR;
				CLANG_WARN_DOCUMENTATION_COMMENTS = YES;
				CLANG_WARN_EMPTY_BODY = YES;
				CLANG_WARN_ENUM_CONVERSION = YES;
				CLANG_WARN_INFINITE_RECURSION = YES;
				CLANG_WARN_INT_CONVERSION = YES;
				CLANG_WARN_NON_LITERAL_NULL_CONVERSION = YES;
				CLANG_WARN_OBJC_IMPLICIT_RETAIN_SELF = YES;
				CLANG_WARN_OBJC_LITERAL_CONVERSION = YES;
				CLANG_WARN_OBJC_ROOT_CLASS = YES_ERROR;
				CLANG_WARN_QUOTED_INCLUDE_IN_FRAMEWORK_HEADER = YES;
				CLANG_WARN_RANGE_LOOP_ANALYSIS = YES;
				CLANG_WARN_STRICT_PROTOTYPES = YES;
				CLANG_WARN_SUSPICIOUS_MOVE = YES;
				CLANG_WARN_UNGUARDED_AVAILABILITY = YES_AGGRESSIVE;
				CLANG_WARN_UNREACHABLE_CODE = YES;
				CLANG_WARN__DUPLICATE_METHOD_MATCH = YES;
				COPY_PHASE_STRIP = NO;
				DEBUG_INFORMATION_FORMAT = "dwarf-with-dsym";
				ENABLE_NS_ASSERTIONS = NO;
				ENABLE_STRICT_OBJC_MSGSEND = YES;
				GCC_C_LANGUAGE_STANDARD = gnu11;
				GCC_NO_COMMON_BLOCKS = YES;
				GCC_WARN_64_TO_32_BIT_CONVERSION = YES;
				GCC_WARN_ABOUT_RETURN_TYPE = YES_ERROR;
				GCC_WARN_UNDECLARED_SELECTOR = YES;
				GCC_WARN_UNINITIALIZED_AUTOS = YES_AGGRESSIVE;
				GCC_WARN_UNUSED_FUNCTION = YES;
				GCC_WARN_UNUSED_VARIABLE = YES;
				MTL_ENABLE_DEBUG_INFO = NO;
				MTL_FAST_MATH = YES;
				SWIFT_COMPILATION_MODE = wholemodule;
				SWIFT_OPTIMIZATION_LEVEL = "-O";
			};
			name = Release;
		};
		474CF4E4272650A000FB7D77 /* Debug */ = {
			isa = XCBuildConfiguration;
			buildSettings = {
				ASSETCATALOG_COMPILER_APPICON_NAME = AppIcon;
				ASSETCATALOG_COMPILER_GLOBAL_ACCENT_COLOR_NAME = AccentColor;
				CODE_SIGN_STYLE = Automatic;
				CURRENT_PROJECT_VERSION = 1;
				DEVELOPMENT_TEAM = 8CL4U468K5;
				ENABLE_PREVIEWS = YES;
				GENERATE_INFOPLIST_FILE = YES;
				INFOPLIST_KEY_UIApplicationSceneManifest_Generation = YES;
				INFOPLIST_KEY_UIApplicationSupportsIndirectInputEvents = YES;
				INFOPLIST_KEY_UILaunchScreen_Generation = YES;
				INFOPLIST_KEY_UISupportedInterfaceOrientations_iPad = "UIInterfaceOrientationPortrait UIInterfaceOrientationPortraitUpsideDown UIInterfaceOrientationLandscapeLeft UIInterfaceOrientationLandscapeRight";
				INFOPLIST_KEY_UISupportedInterfaceOrientations_iPhone = "UIInterfaceOrientationPortrait UIInterfaceOrientationLandscapeLeft UIInterfaceOrientationLandscapeRight";
				IPHONEOS_DEPLOYMENT_TARGET = 15.0;
				LD_RUNPATH_SEARCH_PATHS = (
					"$(inherited)",
					"@executable_path/Frameworks",
				);
				MARKETING_VERSION = 1.0;
				PRODUCT_BUNDLE_IDENTIFIER = "com.587.UI-340";
				PRODUCT_NAME = "UI-340";
				SDKROOT = iphoneos;
				SWIFT_EMIT_LOC_STRINGS = YES;
				SWIFT_VERSION = 5.0;
				TARGETED_DEVICE_FAMILY = "1,2";
			};
			name = Debug;
		};
		474CF4E5272650A000FB7D77 /* Release */ = {
			isa = XCBuildConfiguration;
			buildSettings = {
				ASSETCATALOG_COMPILER_APPICON_NAME = AppIcon;
				ASSETCATALOG_COMPILER_GLOBAL_ACCENT_COLOR_NAME = AccentColor;
				CODE_SIGN_STYLE = Automatic;
				CURRENT_PROJECT_VERSION = 1;
				DEVELOPMENT_TEAM = 8CL4U468K5;
				ENABLE_PREVIEWS = YES;
				GENERATE_INFOPLIST_FILE = YES;
				INFOPLIST_KEY_UIApplicationSceneManifest_Generation = YES;
				INFOPLIST_KEY_UIApplicationSupportsIndirectInputEvents = YES;
				INFOPLIST_KEY_UILaunchScreen_Generation = YES;
				INFOPLIST_KEY_UISupportedInterfaceOrientations_iPad = "UIInterfaceOrientationPortrait UIInterfaceOrientationPortraitUpsideDown UIInterfaceOrientationLandscapeLeft UIInterfaceOrientationLandscapeRight";
				INFOPLIST_KEY_UISupportedInterfaceOrientations_iPhone = "UIInterfaceOrientationPortrait UIInterfaceOrientationLandscapeLeft UIInterfaceOrientationLandscapeRight";
				IPHONEOS_DEPLOYMENT_TARGET = 15.0;
				LD_RUNPATH_SEARCH_PATHS = (
					"$(inherited)",
					"@executable_path/Frameworks",
				);
				MARKETING_VERSION = 1.0;
				PRODUCT_BUNDLE_IDENTIFIER = "com.587.UI-340";
				PRODUCT_NAME = "UI-340";
				SDKROOT = iphoneos;
				SWIFT_EMIT_LOC_STRINGS = YES;
				SWIFT_VERSION = 5.0;
				TARGETED_DEVICE_FAMILY = "1,2";
				VALIDATE_PRODUCT = YES;
			};
			name = Release;
		};
		474CF4E7272650A000FB7D77 /* Debug */ = {
			isa = XCBuildConfiguration;
			buildSettings = {
				ASSETCATALOG_COMPILER_APPICON_NAME = AppIcon;
				ASSETCATALOG_COMPILER_GLOBAL_ACCENT_COLOR_NAME = AccentColor;
				CODE_SIGN_ENTITLEMENTS = macOS/macOS.entitlements;
				CODE_SIGN_STYLE = Automatic;
				COMBINE_HIDPI_IMAGES = YES;
				CURRENT_PROJECT_VERSION = 1;
				DEVELOPMENT_TEAM = 8CL4U468K5;
				ENABLE_HARDENED_RUNTIME = YES;
				ENABLE_PREVIEWS = YES;
				GENERATE_INFOPLIST_FILE = YES;
				INFOPLIST_KEY_NSHumanReadableCopyright = "";
				LD_RUNPATH_SEARCH_PATHS = (
					"$(inherited)",
					"@executable_path/../Frameworks",
				);
				MACOSX_DEPLOYMENT_TARGET = 11.6;
				MARKETING_VERSION = 1.0;
				PRODUCT_BUNDLE_IDENTIFIER = "com.587.UI-340";
				PRODUCT_NAME = "UI-340";
				SDKROOT = macosx;
				SWIFT_EMIT_LOC_STRINGS = YES;
				SWIFT_VERSION = 5.0;
			};
			name = Debug;
		};
		474CF4E8272650A000FB7D77 /* Release */ = {
			isa = XCBuildConfiguration;
			buildSettings = {
				ASSETCATALOG_COMPILER_APPICON_NAME = AppIcon;
				ASSETCATALOG_COMPILER_GLOBAL_ACCENT_COLOR_NAME = AccentColor;
				CODE_SIGN_ENTITLEMENTS = macOS/macOS.entitlements;
				CODE_SIGN_STYLE = Automatic;
				COMBINE_HIDPI_IMAGES = YES;
				CURRENT_PROJECT_VERSION = 1;
				DEVELOPMENT_TEAM = 8CL4U468K5;
				ENABLE_HARDENED_RUNTIME = YES;
				ENABLE_PREVIEWS = YES;
				GENERATE_INFOPLIST_FILE = YES;
				INFOPLIST_KEY_NSHumanReadableCopyright = "";
				LD_RUNPATH_SEARCH_PATHS = (
					"$(inherited)",
					"@executable_path/../Frameworks",
				);
				MACOSX_DEPLOYMENT_TARGET = 11.6;
				MARKETING_VERSION = 1.0;
				PRODUCT_BUNDLE_IDENTIFIER = "com.587.UI-340";
				PRODUCT_NAME = "UI-340";
				SDKROOT = macosx;
				SWIFT_EMIT_LOC_STRINGS = YES;
				SWIFT_VERSION = 5.0;
			};
			name = Release;
		};
		474CF4EA272650A000FB7D77 /* Debug */ = {
			isa = XCBuildConfiguration;
			buildSettings = {
				ALWAYS_EMBED_SWIFT_STANDARD_LIBRARIES = YES;
				CODE_SIGN_STYLE = Automatic;
				CURRENT_PROJECT_VERSION = 1;
				DEVELOPMENT_TEAM = 8CL4U468K5;
				GENERATE_INFOPLIST_FILE = YES;
				IPHONEOS_DEPLOYMENT_TARGET = 15.0;
				LD_RUNPATH_SEARCH_PATHS = (
					"$(inherited)",
					"@executable_path/Frameworks",
					"@loader_path/Frameworks",
				);
				MARKETING_VERSION = 1.0;
				PRODUCT_BUNDLE_IDENTIFIER = "com.587.Tests-iOS";
				PRODUCT_NAME = "$(TARGET_NAME)";
				SDKROOT = iphoneos;
				SWIFT_EMIT_LOC_STRINGS = NO;
				SWIFT_VERSION = 5.0;
				TARGETED_DEVICE_FAMILY = "1,2";
				TEST_TARGET_NAME = "UI-340 (iOS)";
			};
			name = Debug;
		};
		474CF4EB272650A000FB7D77 /* Release */ = {
			isa = XCBuildConfiguration;
			buildSettings = {
				ALWAYS_EMBED_SWIFT_STANDARD_LIBRARIES = YES;
				CODE_SIGN_STYLE = Automatic;
				CURRENT_PROJECT_VERSION = 1;
				DEVELOPMENT_TEAM = 8CL4U468K5;
				GENERATE_INFOPLIST_FILE = YES;
				IPHONEOS_DEPLOYMENT_TARGET = 15.0;
				LD_RUNPATH_SEARCH_PATHS = (
					"$(inherited)",
					"@executable_path/Frameworks",
					"@loader_path/Frameworks",
				);
				MARKETING_VERSION = 1.0;
				PRODUCT_BUNDLE_IDENTIFIER = "com.587.Tests-iOS";
				PRODUCT_NAME = "$(TARGET_NAME)";
				SDKROOT = iphoneos;
				SWIFT_EMIT_LOC_STRINGS = NO;
				SWIFT_VERSION = 5.0;
				TARGETED_DEVICE_FAMILY = "1,2";
				TEST_TARGET_NAME = "UI-340 (iOS)";
				VALIDATE_PRODUCT = YES;
			};
			name = Release;
		};
		474CF4ED272650A000FB7D77 /* Debug */ = {
			isa = XCBuildConfiguration;
			buildSettings = {
				ALWAYS_EMBED_SWIFT_STANDARD_LIBRARIES = YES;
				CODE_SIGN_STYLE = Automatic;
				COMBINE_HIDPI_IMAGES = YES;
				CURRENT_PROJECT_VERSION = 1;
				DEVELOPMENT_TEAM = 8CL4U468K5;
				GENERATE_INFOPLIST_FILE = YES;
				LD_RUNPATH_SEARCH_PATHS = (
					"$(inherited)",
					"@executable_path/../Frameworks",
					"@loader_path/../Frameworks",
				);
				MACOSX_DEPLOYMENT_TARGET = 11.6;
				MARKETING_VERSION = 1.0;
				PRODUCT_BUNDLE_IDENTIFIER = "com.587.Tests-macOS";
				PRODUCT_NAME = "$(TARGET_NAME)";
				SDKROOT = macosx;
				SWIFT_EMIT_LOC_STRINGS = NO;
				SWIFT_VERSION = 5.0;
				TEST_TARGET_NAME = "UI-340 (macOS)";
			};
			name = Debug;
		};
		474CF4EE272650A000FB7D77 /* Release */ = {
			isa = XCBuildConfiguration;
			buildSettings = {
				ALWAYS_EMBED_SWIFT_STANDARD_LIBRARIES = YES;
				CODE_SIGN_STYLE = Automatic;
				COMBINE_HIDPI_IMAGES = YES;
				CURRENT_PROJECT_VERSION = 1;
				DEVELOPMENT_TEAM = 8CL4U468K5;
				GENERATE_INFOPLIST_FILE = YES;
				LD_RUNPATH_SEARCH_PATHS = (
					"$(inherited)",
					"@executable_path/../Frameworks",
					"@loader_path/../Frameworks",
				);
				MACOSX_DEPLOYMENT_TARGET = 11.6;
				MARKETING_VERSION = 1.0;
				PRODUCT_BUNDLE_IDENTIFIER = "com.587.Tests-macOS";
				PRODUCT_NAME = "$(TARGET_NAME)";
				SDKROOT = macosx;
				SWIFT_EMIT_LOC_STRINGS = NO;
				SWIFT_VERSION = 5.0;
				TEST_TARGET_NAME = "UI-340 (macOS)";
			};
			name = Release;
		};
/* End XCBuildConfiguration section */

/* Begin XCConfigurationList section */
		474CF4B12726509F00FB7D77 /* Build configuration list for PBXProject "UI-340" */ = {
			isa = XCConfigurationList;
			buildConfigurations = (
				474CF4E1272650A000FB7D77 /* Debug */,
				474CF4E2272650A000FB7D77 /* Release */,
			);
			defaultConfigurationIsVisible = 0;
			defaultConfigurationName = Release;
		};
		474CF4E3272650A000FB7D77 /* Build configuration list for PBXNativeTarget "UI-340 (iOS)" */ = {
			isa = XCConfigurationList;
			buildConfigurations = (
				474CF4E4272650A000FB7D77 /* Debug */,
				474CF4E5272650A000FB7D77 /* Release */,
			);
			defaultConfigurationIsVisible = 0;
			defaultConfigurationName = Release;
		};
		474CF4E6272650A000FB7D77 /* Build configuration list for PBXNativeTarget "UI-340 (macOS)" */ = {
			isa = XCConfigurationList;
			buildConfigurations = (
				474CF4E7272650A000FB7D77 /* Debug */,
				474CF4E8272650A000FB7D77 /* Release */,
			);
			defaultConfigurationIsVisible = 0;
			defaultConfigurationName = Release;
		};
		474CF4E9272650A000FB7D77 /* Build configuration list for PBXNativeTarget "Tests iOS" */ = {
			isa = XCConfigurationList;
			buildConfigurations = (
				474CF4EA272650A000FB7D77 /* Debug */,
				474CF4EB272650A000FB7D77 /* Release */,
			);
			defaultConfigurationIsVisible = 0;
			defaultConfigurationName = Release;
		};
		474CF4EC272650A000FB7D77 /* Build configuration list for PBXNativeTarget "Tests macOS" */ = {
			isa = XCConfigurationList;
			buildConfigurations = (
				474CF4ED272650A000FB7D77 /* Debug */,
				474CF4EE272650A000FB7D77 /* Release */,
			);
			defaultConfigurationIsVisible = 0;
			defaultConfigurationName = Release;
		};
/* End XCConfigurationList section */
	};
	rootObject = 474CF4AE2726509F00FB7D77 /* Project object */;
}
